// !$*UTF8*$!
{
	archiveVersion = 1;
	classes = {
	};
	objectVersion = 77;
	objects = {

/* Begin PBXContainerItemProxy section */
		AD6CB7D62D9DD1C000E48F14 /* PBXContainerItemProxy */ = {
			isa = PBXContainerItemProxy;
			containerPortal = AD6CB7B72D9DD1BE00E48F14 /* Project object */;
			proxyType = 1;
			remoteGlobalIDString = AD6CB7BE2D9DD1BE00E48F14;
			remoteInfo = HelloIOS;
		};
		AD6CB7E02D9DD1C000E48F14 /* PBXContainerItemProxy */ = {
			isa = PBXContainerItemProxy;
			containerPortal = AD6CB7B72D9DD1BE00E48F14 /* Project object */;
			proxyType = 1;
			remoteGlobalIDString = AD6CB7BE2D9DD1BE00E48F14;
			remoteInfo = HelloIOS;
		};
/* End PBXContainerItemProxy section */

/* Begin PBXFileReference section */
		AD6CB7BF2D9DD1BE00E48F14 /* HelloIOS.app */ = {isa = PBXFileReference; explicitFileType = wrapper.application; includeInIndex = 0; path = HelloIOS.app; sourceTree = BUILT_PRODUCTS_DIR; };
		AD6CB7D52D9DD1C000E48F14 /* HelloIOSTests.xctest */ = {isa = PBXFileReference; explicitFileType = wrapper.cfbundle; includeInIndex = 0; path = HelloIOSTests.xctest; sourceTree = BUILT_PRODUCTS_DIR; };
		AD6CB7DF2D9DD1C000E48F14 /* HelloIOSUITests.xctest */ = {isa = PBXFileReference; explicitFileType = wrapper.cfbundle; includeInIndex = 0; path = HelloIOSUITests.xctest; sourceTree = BUILT_PRODUCTS_DIR; };
/* End PBXFileReference section */

/* Begin PBXFileSystemSynchronizedBuildFileExceptionSet section */
		AD6CB7E72D9DD1C000E48F14 /* Exceptions for "HelloIOS" folder in "HelloIOS" target */ = {
			isa = PBXFileSystemSynchronizedBuildFileExceptionSet;
			membershipExceptions = (
				Info.plist,
			);
			target = AD6CB7BE2D9DD1BE00E48F14 /* HelloIOS */;
		};
/* End PBXFileSystemSynchronizedBuildFileExceptionSet section */

/* Begin PBXFileSystemSynchronizedRootGroup section */
		AD6CB7C12D9DD1BE00E48F14 /* HelloIOS */ = {
			isa = PBXFileSystemSynchronizedRootGroup;
			exceptions = (
				AD6CB7E72D9DD1C000E48F14 /* Exceptions for "HelloIOS" folder in "HelloIOS" target */,
			);
			path = HelloIOS;
			sourceTree = "<group>";
		};
		AD6CB7D82D9DD1C000E48F14 /* HelloIOSTests */ = {
			isa = PBXFileSystemSynchronizedRootGroup;
			path = HelloIOSTests;
			sourceTree = "<group>";
		};
		AD6CB7E22D9DD1C000E48F14 /* HelloIOSUITests */ = {
			isa = PBXFileSystemSynchronizedRootGroup;
			path = HelloIOSUITests;
			sourceTree = "<group>";
		};
/* End PBXFileSystemSynchronizedRootGroup section */

/* Begin PBXFrameworksBuildPhase section */
		AD6CB7BC2D9DD1BE00E48F14 /* Frameworks */ = {
			isa = PBXFrameworksBuildPhase;
			buildActionMask = 2147483647;
			files = (
			);
			runOnlyForDeploymentPostprocessing = 0;
		};
		AD6CB7D22D9DD1C000E48F14 /* Frameworks */ = {
			isa = PBXFrameworksBuildPhase;
			buildActionMask = 2147483647;
			files = (
			);
			runOnlyForDeploymentPostprocessing = 0;
		};
		AD6CB7DC2D9DD1C000E48F14 /* Frameworks */ = {
			isa = PBXFrameworksBuildPhase;
			buildActionMask = 2147483647;
			files = (
			);
			runOnlyForDeploymentPostprocessing = 0;
		};
/* End PBXFrameworksBuildPhase section */

/* Begin PBXGroup section */
		AD6CB7B62D9DD1BE00E48F14 = {
			isa = PBXGroup;
			children = (
				AD6CB7C12D9DD1BE00E48F14 /* HelloIOS */,
				AD6CB7D82D9DD1C000E48F14 /* HelloIOSTests */,
				AD6CB7E22D9DD1C000E48F14 /* HelloIOSUITests */,
				AD6CB7C02D9DD1BE00E48F14 /* Products */,
			);
			sourceTree = "<group>";
		};
		AD6CB7C02D9DD1BE00E48F14 /* Products */ = {
			isa = PBXGroup;
			children = (
				AD6CB7BF2D9DD1BE00E48F14 /* HelloIOS.app */,
				AD6CB7D52D9DD1C000E48F14 /* HelloIOSTests.xctest */,
				AD6CB7DF2D9DD1C000E48F14 /* HelloIOSUITests.xctest */,
			);
			name = Products;
			sourceTree = "<group>";
		};
/* End PBXGroup section */

/* Begin PBXNativeTarget section */
		AD6CB7BE2D9DD1BE00E48F14 /* HelloIOS */ = {
			isa = PBXNativeTarget;
			buildConfigurationList = AD6CB7E82D9DD1C000E48F14 /* Build configuration list for PBXNativeTarget "HelloIOS" */;
			buildPhases = (
				AD6CB7BB2D9DD1BE00E48F14 /* Sources */,
				AD6CB7BC2D9DD1BE00E48F14 /* Frameworks */,
				AD6CB7BD2D9DD1BE00E48F14 /* Resources */,
			);
			buildRules = (
			);
			dependencies = (
			);
			fileSystemSynchronizedGroups = (
				AD6CB7C12D9DD1BE00E48F14 /* HelloIOS */,
			);
			name = HelloIOS;
			packageProductDependencies = (
			);
			productName = HelloIOS;
			productReference = AD6CB7BF2D9DD1BE00E48F14 /* HelloIOS.app */;
			productType = "com.apple.product-type.application";
		};
		AD6CB7D42D9DD1C000E48F14 /* HelloIOSTests */ = {
			isa = PBXNativeTarget;
			buildConfigurationList = AD6CB7ED2D9DD1C000E48F14 /* Build configuration list for PBXNativeTarget "HelloIOSTests" */;
			buildPhases = (
				AD6CB7D12D9DD1C000E48F14 /* Sources */,
				AD6CB7D22D9DD1C000E48F14 /* Frameworks */,
				AD6CB7D32D9DD1C000E48F14 /* Resources */,
			);
			buildRules = (
			);
			dependencies = (
				AD6CB7D72D9DD1C000E48F14 /* PBXTargetDependency */,
			);
			fileSystemSynchronizedGroups = (
				AD6CB7D82D9DD1C000E48F14 /* HelloIOSTests */,
			);
			name = HelloIOSTests;
			packageProductDependencies = (
			);
			productName = HelloIOSTests;
			productReference = AD6CB7D52D9DD1C000E48F14 /* HelloIOSTests.xctest */;
			productType = "com.apple.product-type.bundle.unit-test";
		};
		AD6CB7DE2D9DD1C000E48F14 /* HelloIOSUITests */ = {
			isa = PBXNativeTarget;
			buildConfigurationList = AD6CB7F02D9DD1C000E48F14 /* Build configuration list for PBXNativeTarget "HelloIOSUITests" */;
			buildPhases = (
				AD6CB7DB2D9DD1C000E48F14 /* Sources */,
				AD6CB7DC2D9DD1C000E48F14 /* Frameworks */,
				AD6CB7DD2D9DD1C000E48F14 /* Resources */,
			);
			buildRules = (
			);
			dependencies = (
				AD6CB7E12D9DD1C000E48F14 /* PBXTargetDependency */,
			);
			fileSystemSynchronizedGroups = (
				AD6CB7E22D9DD1C000E48F14 /* HelloIOSUITests */,
			);
			name = HelloIOSUITests;
			packageProductDependencies = (
			);
			productName = HelloIOSUITests;
			productReference = AD6CB7DF2D9DD1C000E48F14 /* HelloIOSUITests.xctest */;
			productType = "com.apple.product-type.bundle.ui-testing";
		};
/* End PBXNativeTarget section */

/* Begin PBXProject section */
		AD6CB7B72D9DD1BE00E48F14 /* Project object */ = {
			isa = PBXProject;
			attributes = {
				BuildIndependentTargetsInParallel = 1;
				LastSwiftUpdateCheck = 1620;
				LastUpgradeCheck = 1620;
				TargetAttributes = {
					AD6CB7BE2D9DD1BE00E48F14 = {
						CreatedOnToolsVersion = 16.2;
					};
					AD6CB7D42D9DD1C000E48F14 = {
						CreatedOnToolsVersion = 16.2;
						TestTargetID = AD6CB7BE2D9DD1BE00E48F14;
					};
					AD6CB7DE2D9DD1C000E48F14 = {
						CreatedOnToolsVersion = 16.2;
						TestTargetID = AD6CB7BE2D9DD1BE00E48F14;
					};
				};
			};
			buildConfigurationList = AD6CB7BA2D9DD1BE00E48F14 /* Build configuration list for PBXProject "HelloIOS" */;
			developmentRegion = en;
			hasScannedForEncodings = 0;
			knownRegions = (
				en,
				Base,
			);
			mainGroup = AD6CB7B62D9DD1BE00E48F14;
			minimizedProjectReferenceProxies = 1;
			preferredProjectObjectVersion = 77;
			productRefGroup = AD6CB7C02D9DD1BE00E48F14 /* Products */;
			projectDirPath = "";
			projectRoot = "";
			targets = (
				AD6CB7BE2D9DD1BE00E48F14 /* HelloIOS */,
				AD6CB7D42D9DD1C000E48F14 /* HelloIOSTests */,
				AD6CB7DE2D9DD1C000E48F14 /* HelloIOSUITests */,
			);
		};
/* End PBXProject section */

/* Begin PBXResourcesBuildPhase section */
		AD6CB7BD2D9DD1BE00E48F14 /* Resources */ = {
			isa = PBXResourcesBuildPhase;
			buildActionMask = 2147483647;
			files = (
			);
			runOnlyForDeploymentPostprocessing = 0;
		};
		AD6CB7D32D9DD1C000E48F14 /* Resources */ = {
			isa = PBXResourcesBuildPhase;
			buildActionMask = 2147483647;
			files = (
			);
			runOnlyForDeploymentPostprocessing = 0;
		};
		AD6CB7DD2D9DD1C000E48F14 /* Resources */ = {
			isa = PBXResourcesBuildPhase;
			buildActionMask = 2147483647;
			files = (
			);
			runOnlyForDeploymentPostprocessing = 0;
		};
/* End PBXResourcesBuildPhase section */

/* Begin PBXSourcesBuildPhase section */
		AD6CB7BB2D9DD1BE00E48F14 /* Sources */ = {
			isa = PBXSourcesBuildPhase;
			buildActionMask = 2147483647;
			files = (
			);
			runOnlyForDeploymentPostprocessing = 0;
		};
		AD6CB7D12D9DD1C000E48F14 /* Sources */ = {
			isa = PBXSourcesBuildPhase;
			buildActionMask = 2147483647;
			files = (
			);
			runOnlyForDeploymentPostprocessing = 0;
		};
		AD6CB7DB2D9DD1C000E48F14 /* Sources */ = {
			isa = PBXSourcesBuildPhase;
			buildActionMask = 2147483647;
			files = (
			);
			runOnlyForDeploymentPostprocessing = 0;
		};
/* End PBXSourcesBuildPhase section */

/* Begin PBXTargetDependency section */
		AD6CB7D72D9DD1C000E48F14 /* PBXTargetDependency */ = {
			isa = PBXTargetDependency;
			target = AD6CB7BE2D9DD1BE00E48F14 /* HelloIOS */;
			targetProxy = AD6CB7D62D9DD1C000E48F14 /* PBXContainerItemProxy */;
		};
		AD6CB7E12D9DD1C000E48F14 /* PBXTargetDependency */ = {
			isa = PBXTargetDependency;
			target = AD6CB7BE2D9DD1BE00E48F14 /* HelloIOS */;
			targetProxy = AD6CB7E02D9DD1C000E48F14 /* PBXContainerItemProxy */;
		};
/* End PBXTargetDependency section */

/* Begin XCBuildConfiguration section */
		AD6CB7E92D9DD1C000E48F14 /* Debug */ = {
			isa = XCBuildConfiguration;
			buildSettings = {
				ASSETCATALOG_COMPILER_APPICON_NAME = AppIcon;
				ASSETCATALOG_COMPILER_GLOBAL_ACCENT_COLOR_NAME = AccentColor;
				CODE_SIGN_STYLE = Automatic;
				CURRENT_PROJECT_VERSION = 1;
				DEVELOPMENT_TEAM = 5RUKST6SQT;
				GENERATE_INFOPLIST_FILE = YES;
				INFOPLIST_FILE = HelloIOS/Info.plist;
				INFOPLIST_KEY_CFBundleDisplayName = Hello;
				INFOPLIST_KEY_UIApplicationSupportsIndirectInputEvents = YES;
				INFOPLIST_KEY_UILaunchStoryboardName = LaunchScreen;
				INFOPLIST_KEY_UIMainStoryboardFile = Main;
				INFOPLIST_KEY_UISupportedInterfaceOrientations_iPad = "UIInterfaceOrientationPortrait UIInterfaceOrientationPortraitUpsideDown UIInterfaceOrientationLandscapeLeft UIInterfaceOrientationLandscapeRight";
				INFOPLIST_KEY_UISupportedInterfaceOrientations_iPhone = "UIInterfaceOrientationPortrait UIInterfaceOrientationLandscapeLeft UIInterfaceOrientationLandscapeRight";
				LD_RUNPATH_SEARCH_PATHS = (
					"$(inherited)",
					"@executable_path/Frameworks",
				);
				MARKETING_VERSION = 1.0;
				PRODUCT_BUNDLE_IDENTIFIER = edu.uw.ischool.lindsym.HelloIOS;
				PRODUCT_NAME = "$(TARGET_NAME)";
				SWIFT_EMIT_LOC_STRINGS = YES;
				SWIFT_VERSION = 5.0;
				TARGETED_DEVICE_FAMILY = "1,2";
			};
			name = Debug;
		};
		AD6CB7EA2D9DD1C000E48F14 /* Release */ = {
			isa = XCBuildConfiguration;
			buildSettings = {
				ASSETCATALOG_COMPILER_APPICON_NAME = AppIcon;
				ASSETCATALOG_COMPILER_GLOBAL_ACCENT_COLOR_NAME = AccentColor;
				CODE_SIGN_STYLE = Automatic;
				CURRENT_PROJECT_VERSION = 1;
				DEVELOPMENT_TEAM = 5RUKST6SQT;
				GENERATE_INFOPLIST_FILE = YES;
				INFOPLIST_FILE = HelloIOS/Info.plist;
				INFOPLIST_KEY_CFBundleDisplayName = Hello;
				INFOPLIST_KEY_UIApplicationSupportsIndirectInputEvents = YES;
				INFOPLIST_KEY_UILaunchStoryboardName = LaunchScreen;
				INFOPLIST_KEY_UIMainStoryboardFile = Main;
				INFOPLIST_KEY_UISupportedInterfaceOrientations_iPad = "UIInterfaceOrientationPortrait UIInterfaceOrientationPortraitUpsideDown UIInterfaceOrientationLandscapeLeft UIInterfaceOrientationLandscapeRight";
				INFOPLIST_KEY_UISupportedInterfaceOrientations_iPhone = "UIInterfaceOrientationPortrait UIInterfaceOrientationLandscapeLeft UIInterfaceOrientationLandscapeRight";
				LD_RUNPATH_SEARCH_PATHS = (
					"$(inherited)",
					"@executable_path/Frameworks",
				);
				MARKETING_VERSION = 1.0;
				PRODUCT_BUNDLE_IDENTIFIER = edu.uw.ischool.lindsym.HelloIOS;
				PRODUCT_NAME = "$(TARGET_NAME)";
				SWIFT_EMIT_LOC_STRINGS = YES;
				SWIFT_VERSION = 5.0;
				TARGETED_DEVICE_FAMILY = "1,2";
			};
			name = Release;
		};
		AD6CB7EB2D9DD1C000E48F14 /* Debug */ = {
			isa = XCBuildConfiguration;
			buildSettings = {
				ALWAYS_SEARCH_USER_PATHS = NO;
				ASSETCATALOG_COMPILER_GENERATE_SWIFT_ASSET_SYMBOL_EXTENSIONS = YES;
				CLANG_ANALYZER_NONNULL = YES;
				CLANG_ANALYZER_NUMBER_OBJECT_CONVERSION = YES_AGGRESSIVE;
				CLANG_CXX_LANGUAGE_STANDARD = "gnu++20";
				CLANG_ENABLE_MODULES = YES;
				CLANG_ENABLE_OBJC_ARC = YES;
				CLANG_ENABLE_OBJC_WEAK = YES;
				CLANG_WARN_BLOCK_CAPTURE_AUTORELEASING = YES;
				CLANG_WARN_BOOL_CONVERSION = YES;
				CLANG_WARN_COMMA = YES;
				CLANG_WARN_CONSTANT_CONVERSION = YES;
				CLANG_WARN_DEPRECATED_OBJC_IMPLEMENTATIONS = YES;
				CLANG_WARN_DIRECT_OBJC_ISA_USAGE = YES_ERROR;
				CLANG_WARN_DOCUMENTATION_COMMENTS = YES;
				CLANG_WARN_EMPTY_BODY = YES;
				CLANG_WARN_ENUM_CONVERSION = YES;
				CLANG_WARN_INFINITE_RECURSION = YES;
				CLANG_WARN_INT_CONVERSION = YES;
				CLANG_WARN_NON_LITERAL_NULL_CONVERSION = YES;
				CLANG_WARN_OBJC_IMPLICIT_RETAIN_SELF = YES;
				CLANG_WARN_OBJC_LITERAL_CONVERSION = YES;
				CLANG_WARN_OBJC_ROOT_CLASS = YES_ERROR;
				CLANG_WARN_QUOTED_INCLUDE_IN_FRAMEWORK_HEADER = YES;
				CLANG_WARN_RANGE_LOOP_ANALYSIS = YES;
				CLANG_WARN_STRICT_PROTOTYPES = YES;
				CLANG_WARN_SUSPICIOUS_MOVE = YES;
				CLANG_WARN_UNGUARDED_AVAILABILITY = YES_AGGRESSIVE;
				CLANG_WARN_UNREACHABLE_CODE = YES;
				CLANG_WARN__DUPLICATE_METHOD_MATCH = YES;
				COPY_PHASE_STRIP = NO;
				DEBUG_INFORMATION_FORMAT = dwarf;
				ENABLE_STRICT_OBJC_MSGSEND = YES;
				ENABLE_TESTABILITY = YES;
				ENABLE_USER_SCRIPT_SANDBOXING = YES;
				GCC_C_LANGUAGE_STANDARD = gnu17;
				GCC_DYNAMIC_NO_PIC = NO;
				GCC_NO_COMMON_BLOCKS = YES;
				GCC_OPTIMIZATION_LEVEL = 0;
				GCC_PREPROCESSOR_DEFINITIONS = (
					"DEBUG=1",
					"$(inherited)",
				);
				GCC_WARN_64_TO_32_BIT_CONVERSION = YES;
				GCC_WARN_ABOUT_RETURN_TYPE = YES_ERROR;
				GCC_WARN_UNDECLARED_SELECTOR = YES;
				GCC_WARN_UNINITIALIZED_AUTOS = YES_AGGRESSIVE;
				GCC_WARN_UNUSED_FUNCTION = YES;
				GCC_WARN_UNUSED_VARIABLE = YES;
				IPHONEOS_DEPLOYMENT_TARGET = 18.2;
				LOCALIZATION_PREFERS_STRING_CATALOGS = YES;
				MTL_ENABLE_DEBUG_INFO = INCLUDE_SOURCE;
				MTL_FAST_MATH = YES;
				ONLY_ACTIVE_ARCH = YES;
				SDKROOT = iphoneos;
				SWIFT_ACTIVE_COMPILATION_CONDITIONS = "DEBUG $(inherited)";
				SWIFT_OPTIMIZATION_LEVEL = "-Onone";
			};
			name = Debug;
		};
		AD6CB7EC2D9DD1C000E48F14 /* Release */ = {
			isa = XCBuildConfiguration;
			buildSettings = {
				ALWAYS_SEARCH_USER_PATHS = NO;
				ASSETCATALOG_COMPILER_GENERATE_SWIFT_ASSET_SYMBOL_EXTENSIONS = YES;
				CLANG_ANALYZER_NONNULL = YES;
				CLANG_ANALYZER_NUMBER_OBJECT_CONVERSION = YES_AGGRESSIVE;
				CLANG_CXX_LANGUAGE_STANDARD = "gnu++20";
				CLANG_ENABLE_MODULES = YES;
				CLANG_ENABLE_OBJC_ARC = YES;
				CLANG_ENABLE_OBJC_WEAK = YES;
				CLANG_WARN_BLOCK_CAPTURE_AUTORELEASING = YES;
				CLANG_WARN_BOOL_CONVERSION = YES;
				CLANG_WARN_COMMA = YES;
				CLANG_WARN_CONSTANT_CONVERSION = YES;
				CLANG_WARN_DEPRECATED_OBJC_IMPLEMENTATIONS = YES;
				CLANG_WARN_DIRECT_OBJC_ISA_USAGE = YES_ERROR;
				CLANG_WARN_DOCUMENTATION_COMMENTS = YES;
				CLANG_WARN_EMPTY_BODY = YES;
				CLANG_WARN_ENUM_CONVERSION = YES;
				CLANG_WARN_INFINITE_RECURSION = YES;
				CLANG_WARN_INT_CONVERSION = YES;
				CLANG_WARN_NON_LITERAL_NULL_CONVERSION = YES;
				CLANG_WARN_OBJC_IMPLICIT_RETAIN_SELF = YES;
				CLANG_WARN_OBJC_LITERAL_CONVERSION = YES;
				CLANG_WARN_OBJC_ROOT_CLASS = YES_ERROR;
				CLANG_WARN_QUOTED_INCLUDE_IN_FRAMEWORK_HEADER = YES;
				CLANG_WARN_RANGE_LOOP_ANALYSIS = YES;
				CLANG_WARN_STRICT_PROTOTYPES = YES;
				CLANG_WARN_SUSPICIOUS_MOVE = YES;
				CLANG_WARN_UNGUARDED_AVAILABILITY = YES_AGGRESSIVE;
				CLANG_WARN_UNREACHABLE_CODE = YES;
				CLANG_WARN__DUPLICATE_METHOD_MATCH = YES;
				COPY_PHASE_STRIP = NO;
				DEBUG_INFORMATION_FORMAT = "dwarf-with-dsym";
				ENABLE_NS_ASSERTIONS = NO;
				ENABLE_STRICT_OBJC_MSGSEND = YES;
				ENABLE_USER_SCRIPT_SANDBOXING = YES;
				GCC_C_LANGUAGE_STANDARD = gnu17;
				GCC_NO_COMMON_BLOCKS = YES;
				GCC_WARN_64_TO_32_BIT_CONVERSION = YES;
				GCC_WARN_ABOUT_RETURN_TYPE = YES_ERROR;
				GCC_WARN_UNDECLARED_SELECTOR = YES;
				GCC_WARN_UNINITIALIZED_AUTOS = YES_AGGRESSIVE;
				GCC_WARN_UNUSED_FUNCTION = YES;
				GCC_WARN_UNUSED_VARIABLE = YES;
				IPHONEOS_DEPLOYMENT_TARGET = 18.2;
				LOCALIZATION_PREFERS_STRING_CATALOGS = YES;
				MTL_ENABLE_DEBUG_INFO = NO;
				MTL_FAST_MATH = YES;
				SDKROOT = iphoneos;
				SWIFT_COMPILATION_MODE = wholemodule;
				VALIDATE_PRODUCT = YES;
			};
			name = Release;
		};
		AD6CB7EE2D9DD1C000E48F14 /* Debug */ = {
			isa = XCBuildConfiguration;
			buildSettings = {
				BUNDLE_LOADER = "$(TEST_HOST)";
				CODE_SIGN_STYLE = Automatic;
				CURRENT_PROJECT_VERSION = 1;
				GENERATE_INFOPLIST_FILE = YES;
				IPHONEOS_DEPLOYMENT_TARGET = 18.2;
				MARKETING_VERSION = 1.0;
				PRODUCT_BUNDLE_IDENTIFIER = edu.uw.ischool.lindsym.HelloIOSTests;
				PRODUCT_NAME = "$(TARGET_NAME)";
				SWIFT_EMIT_LOC_STRINGS = NO;
				SWIFT_VERSION = 5.0;
				TARGETED_DEVICE_FAMILY = "1,2";
				TEST_HOST = "$(BUILT_PRODUCTS_DIR)/HelloIOS.app/$(BUNDLE_EXECUTABLE_FOLDER_PATH)/HelloIOS";
			};
			name = Debug;
		};
		AD6CB7EF2D9DD1C000E48F14 /* Release */ = {
			isa = XCBuildConfiguration;
			buildSettings = {
				BUNDLE_LOADER = "$(TEST_HOST)";
				CODE_SIGN_STYLE = Automatic;
				CURRENT_PROJECT_VERSION = 1;
				GENERATE_INFOPLIST_FILE = YES;
				IPHONEOS_DEPLOYMENT_TARGET = 18.2;
				MARKETING_VERSION = 1.0;
				PRODUCT_BUNDLE_IDENTIFIER = edu.uw.ischool.lindsym.HelloIOSTests;
				PRODUCT_NAME = "$(TARGET_NAME)";
				SWIFT_EMIT_LOC_STRINGS = NO;
				SWIFT_VERSION = 5.0;
				TARGETED_DEVICE_FAMILY = "1,2";
				TEST_HOST = "$(BUILT_PRODUCTS_DIR)/HelloIOS.app/$(BUNDLE_EXECUTABLE_FOLDER_PATH)/HelloIOS";
			};
			name = Release;
		};
		AD6CB7F12D9DD1C000E48F14 /* Debug */ = {
			isa = XCBuildConfiguration;
			buildSettings = {
				CODE_SIGN_STYLE = Automatic;
				CURRENT_PROJECT_VERSION = 1;
				GENERATE_INFOPLIST_FILE = YES;
				MARKETING_VERSION = 1.0;
				PRODUCT_BUNDLE_IDENTIFIER = edu.uw.ischool.lindsym.HelloIOSUITests;
				PRODUCT_NAME = "$(TARGET_NAME)";
				SWIFT_EMIT_LOC_STRINGS = NO;
				SWIFT_VERSION = 5.0;
				TARGETED_DEVICE_FAMILY = "1,2";
				TEST_TARGET_NAME = HelloIOS;
			};
			name = Debug;
		};
		AD6CB7F22D9DD1C000E48F14 /* Release */ = {
			isa = XCBuildConfiguration;
			buildSettings = {
				CODE_SIGN_STYLE = Automatic;
				CURRENT_PROJECT_VERSION = 1;
				GENERATE_INFOPLIST_FILE = YES;
				MARKETING_VERSION = 1.0;
				PRODUCT_BUNDLE_IDENTIFIER = edu.uw.ischool.lindsym.HelloIOSUITests;
				PRODUCT_NAME = "$(TARGET_NAME)";
				SWIFT_EMIT_LOC_STRINGS = NO;
				SWIFT_VERSION = 5.0;
				TARGETED_DEVICE_FAMILY = "1,2";
				TEST_TARGET_NAME = HelloIOS;
			};
			name = Release;
		};
/* End XCBuildConfiguration section */

/* Begin XCConfigurationList section */
		AD6CB7BA2D9DD1BE00E48F14 /* Build configuration list for PBXProject "HelloIOS" */ = {
			isa = XCConfigurationList;
			buildConfigurations = (
				AD6CB7EB2D9DD1C000E48F14 /* Debug */,
				AD6CB7EC2D9DD1C000E48F14 /* Release */,
			);
			defaultConfigurationIsVisible = 0;
			defaultConfigurationName = Release;
		};
		AD6CB7E82D9DD1C000E48F14 /* Build configuration list for PBXNativeTarget "HelloIOS" */ = {
			isa = XCConfigurationList;
			buildConfigurations = (
				AD6CB7E92D9DD1C000E48F14 /* Debug */,
				AD6CB7EA2D9DD1C000E48F14 /* Release */,
			);
			defaultConfigurationIsVisible = 0;
			defaultConfigurationName = Release;
		};
		AD6CB7ED2D9DD1C000E48F14 /* Build configuration list for PBXNativeTarget "HelloIOSTests" */ = {
			isa = XCConfigurationList;
			buildConfigurations = (
				AD6CB7EE2D9DD1C000E48F14 /* Debug */,
				AD6CB7EF2D9DD1C000E48F14 /* Release */,
			);
			defaultConfigurationIsVisible = 0;
			defaultConfigurationName = Release;
		};
		AD6CB7F02D9DD1C000E48F14 /* Build configuration list for PBXNativeTarget "HelloIOSUITests" */ = {
			isa = XCConfigurationList;
			buildConfigurations = (
				AD6CB7F12D9DD1C000E48F14 /* Debug */,
				AD6CB7F22D9DD1C000E48F14 /* Release */,
			);
			defaultConfigurationIsVisible = 0;
			defaultConfigurationName = Release;
		};
/* End XCConfigurationList section */
	};
	rootObject = AD6CB7B72D9DD1BE00E48F14 /* Project object */;
}
